Microsoft Visual Studio Solution File, Format Version 11.00
# Visual Studio 2008

Project("{D7ED4EE1-DF43-7474-D005-188535F74875}") = "Zero", "Assembly-CSharp.csproj", "{A35BC362-EC8F-3E84-FBBF-939EBB9E2BB7}"
EndProject
Global
	GlobalSection(SolutionConfigurationPlatforms) = preSolution
		Debug|Any CPU = Debug|Any CPU
		Release|Any CPU = Release|Any CPU
	EndGlobalSection
	GlobalSection(ProjectConfigurationPlatforms) = postSolution
		{A35BC362-EC8F-3E84-FBBF-939EBB9E2BB7}.Debug|Any CPU.ActiveCfg = Debug|Any CPU
		{A35BC362-EC8F-3E84-FBBF-939EBB9E2BB7}.Debug|Any CPU.Build.0 = Debug|Any CPU
		{A35BC362-EC8F-3E84-FBBF-939EBB9E2BB7}.Release|Any CPU.ActiveCfg = Release|Any CPU
		{A35BC362-EC8F-3E84-FBBF-939EBB9E2BB7}.Release|Any CPU.Build.0 = Release|Any CPU
	EndGlobalSection
	GlobalSection(SolutionProperties) = preSolution
		HideSolutionNode = FALSE
	EndGlobalSection
	GlobalSection(MonoDevelopProperties) = preSolution
		StartupItem = Assembly-CSharp.csproj
	EndGlobalSection
EndGlobal
